
Microsoft Visual Studio Solution File, Format Version 12.00
# Visual Studio Version 17
VisualStudioVersion = 17.12.35514.174
MinimumVisualStudioVersion = 10.0.40219.1
Project("{FAE04EC0-301F-11D3-BF4B-00C04F79EFBC}") = "GameBoyEmu", "GameBoyEmu\GameBoyEmu.csproj", "{7D6ACE3B-7E46-4D78-87C5-FB52B3533FBF}"
EndProject
Project("{FAE04EC0-301F-11D3-BF4B-00C04F79EFBC}") = "GameBoyEmuTests", "GameBoyEmuTests\GameBoyEmuTests.csproj", "{43EA3E20-1D2B-4C66-8659-55EA1511BB49}"
EndProject
Global
	GlobalSection(SolutionConfigurationPlatforms) = preSolution
		Debug|Any CPU = Debug|Any CPU
		Release|Any CPU = Release|Any CPU
	EndGlobalSection
	GlobalSection(ProjectConfigurationPlatforms) = postSolution
		{7D6ACE3B-7E46-4D78-87C5-FB52B3533FBF}.Debug|Any CPU.ActiveCfg = Debug|Any CPU
		{7D6ACE3B-7E46-4D78-87C5-FB52B3533FBF}.Debug|Any CPU.Build.0 = Debug|Any CPU
		{7D6ACE3B-7E46-4D78-87C5-FB52B3533FBF}.Release|Any CPU.ActiveCfg = Release|Any CPU
		{7D6ACE3B-7E46-4D78-87C5-FB52B3533FBF}.Release|Any CPU.Build.0 = Release|Any CPU
		{43EA3E20-1D2B-4C66-8659-55EA1511BB49}.Debug|Any CPU.ActiveCfg = Debug|Any CPU
		{43EA3E20-1D2B-4C66-8659-55EA1511BB49}.Debug|Any CPU.Build.0 = Debug|Any CPU
		{43EA3E20-1D2B-4C66-8659-55EA1511BB49}.Release|Any CPU.ActiveCfg = Release|Any CPU
		{43EA3E20-1D2B-4C66-8659-55EA1511BB49}.Release|Any CPU.Build.0 = Release|Any CPU
	EndGlobalSection
	GlobalSection(SolutionProperties) = preSolution
		HideSolutionNode = FALSE
	EndGlobalSection
EndGlobal
